// !$*UTF8*$!
{
	archiveVersion = 1;
	classes = {
	};
	objectVersion = 56;
	objects = {

/* Begin PBXBuildFile section */
		55B140A52A9BFE100092D019 /* AppDelegate.swift in Sources */ = {isa = PBXBuildFile; fileRef = 55B140A42A9BFE100092D019 /* AppDelegate.swift */; };
		55B140A72A9BFE100092D019 /* SceneDelegate.swift in Sources */ = {isa = PBXBuildFile; fileRef = 55B140A62A9BFE100092D019 /* SceneDelegate.swift */; };
		55B140AE2A9BFE120092D019 /* Assets.xcassets in Resources */ = {isa = PBXBuildFile; fileRef = 55B140AD2A9BFE120092D019 /* Assets.xcassets */; };
		55B140D12A9C0B5C0092D019 /* ProductsListViewController.swift in Sources */ = {isa = PBXBuildFile; fileRef = 55B140D02A9C0B5C0092D019 /* ProductsListViewController.swift */; };
		55B140D32A9C0B780092D019 /* ProductDetailViewController.swift in Sources */ = {isa = PBXBuildFile; fileRef = 55B140D22A9C0B780092D019 /* ProductDetailViewController.swift */; };
		55B140D52A9C0C1C0092D019 /* ProductCell.swift in Sources */ = {isa = PBXBuildFile; fileRef = 55B140D42A9C0C1C0092D019 /* ProductCell.swift */; };
		55B140DD2AA116960092D019 /* AdvertisementDetail.swift in Sources */ = {isa = PBXBuildFile; fileRef = 55B140DC2AA116960092D019 /* AdvertisementDetail.swift */; };
		55B140DF2AA116BE0092D019 /* AdvertisementsResponse.swift in Sources */ = {isa = PBXBuildFile; fileRef = 55B140DE2AA116BE0092D019 /* AdvertisementsResponse.swift */; };
		55B140E12AA116E40092D019 /* NetworkFetcher.swift in Sources */ = {isa = PBXBuildFile; fileRef = 55B140E02AA116E40092D019 /* NetworkFetcher.swift */; };
		55B140E32AA116FB0092D019 /* RequestProcessor.swift in Sources */ = {isa = PBXBuildFile; fileRef = 55B140E22AA116FB0092D019 /* RequestProcessor.swift */; };
		55B140E52AA11FD60092D019 /* WebImageView.swift in Sources */ = {isa = PBXBuildFile; fileRef = 55B140E42AA11FD60092D019 /* WebImageView.swift */; };
		55B140E72AA127470092D019 /* CollectionView.swift in Sources */ = {isa = PBXBuildFile; fileRef = 55B140E62AA127470092D019 /* CollectionView.swift */; };
/* End PBXBuildFile section */

/* Begin PBXFileReference section */
		55B140A12A9BFE100092D019 /* ShoppingList.app */ = {isa = PBXFileReference; explicitFileType = wrapper.application; includeInIndex = 0; path = ShoppingList.app; sourceTree = BUILT_PRODUCTS_DIR; };
		55B140A42A9BFE100092D019 /* AppDelegate.swift */ = {isa = PBXFileReference; lastKnownFileType = sourcecode.swift; path = AppDelegate.swift; sourceTree = "<group>"; };
		55B140A62A9BFE100092D019 /* SceneDelegate.swift */ = {isa = PBXFileReference; lastKnownFileType = sourcecode.swift; path = SceneDelegate.swift; sourceTree = "<group>"; };
		55B140AD2A9BFE120092D019 /* Assets.xcassets */ = {isa = PBXFileReference; lastKnownFileType = folder.assetcatalog; path = Assets.xcassets; sourceTree = "<group>"; };
		55B140B22A9BFE120092D019 /* Info.plist */ = {isa = PBXFileReference; lastKnownFileType = text.plist.xml; path = Info.plist; sourceTree = "<group>"; };
		55B140D02A9C0B5C0092D019 /* ProductsListViewController.swift */ = {isa = PBXFileReference; lastKnownFileType = sourcecode.swift; path = ProductsListViewController.swift; sourceTree = "<group>"; };
		55B140D22A9C0B780092D019 /* ProductDetailViewController.swift */ = {isa = PBXFileReference; lastKnownFileType = sourcecode.swift; path = ProductDetailViewController.swift; sourceTree = "<group>"; };
		55B140D42A9C0C1C0092D019 /* ProductCell.swift */ = {isa = PBXFileReference; lastKnownFileType = sourcecode.swift; path = ProductCell.swift; sourceTree = "<group>"; };
		55B140DC2AA116960092D019 /* AdvertisementDetail.swift */ = {isa = PBXFileReference; lastKnownFileType = sourcecode.swift; path = AdvertisementDetail.swift; sourceTree = "<group>"; };
		55B140DE2AA116BE0092D019 /* AdvertisementsResponse.swift */ = {isa = PBXFileReference; lastKnownFileType = sourcecode.swift; path = AdvertisementsResponse.swift; sourceTree = "<group>"; };
		55B140E02AA116E40092D019 /* NetworkFetcher.swift */ = {isa = PBXFileReference; lastKnownFileType = sourcecode.swift; path = NetworkFetcher.swift; sourceTree = "<group>"; };
		55B140E22AA116FB0092D019 /* RequestProcessor.swift */ = {isa = PBXFileReference; lastKnownFileType = sourcecode.swift; path = RequestProcessor.swift; sourceTree = "<group>"; };
		55B140E42AA11FD60092D019 /* WebImageView.swift */ = {isa = PBXFileReference; lastKnownFileType = sourcecode.swift; path = WebImageView.swift; sourceTree = "<group>"; };
		55B140E62AA127470092D019 /* CollectionView.swift */ = {isa = PBXFileReference; lastKnownFileType = sourcecode.swift; path = CollectionView.swift; sourceTree = "<group>"; };
/* End PBXFileReference section */

/* Begin PBXFrameworksBuildPhase section */
		55B1409E2A9BFE100092D019 /* Frameworks */ = {
			isa = PBXFrameworksBuildPhase;
			buildActionMask = 2147483647;
			files = (
			);
			runOnlyForDeploymentPostprocessing = 0;
		};
/* End PBXFrameworksBuildPhase section */

/* Begin PBXGroup section */
		55B140982A9BFE100092D019 = {
			isa = PBXGroup;
			children = (
				55B140A32A9BFE100092D019 /* ShoppingList */,
				55B140A22A9BFE100092D019 /* Products */,
			);
			sourceTree = "<group>";
		};
		55B140A22A9BFE100092D019 /* Products */ = {
			isa = PBXGroup;
			children = (
				55B140A12A9BFE100092D019 /* ShoppingList.app */,
			);
			name = Products;
			sourceTree = "<group>";
		};
		55B140A32A9BFE100092D019 /* ShoppingList */ = {
			isa = PBXGroup;
			children = (
				55B140A42A9BFE100092D019 /* AppDelegate.swift */,
				55B140A62A9BFE100092D019 /* SceneDelegate.swift */,
				55B140AD2A9BFE120092D019 /* Assets.xcassets */,
				55B140B22A9BFE120092D019 /* Info.plist */,
				55B140D62AA115180092D019 /* Networking */,
				55B140CD2A9C0B170092D019 /* ProductList */,
			);
			path = ShoppingList;
			sourceTree = "<group>";
		};
		55B140CD2A9C0B170092D019 /* ProductList */ = {
			isa = PBXGroup;
			children = (
				55B140D02A9C0B5C0092D019 /* ProductsListViewController.swift */,
				55B140D22A9C0B780092D019 /* ProductDetailViewController.swift */,
				55B140D42A9C0C1C0092D019 /* ProductCell.swift */,
				55B140E62AA127470092D019 /* CollectionView.swift */,
			);
			path = ProductList;
			sourceTree = "<group>";
		};
		55B140D62AA115180092D019 /* Networking */ = {
			isa = PBXGroup;
			children = (
				55B140DC2AA116960092D019 /* AdvertisementDetail.swift */,
				55B140DE2AA116BE0092D019 /* AdvertisementsResponse.swift */,
				55B140E02AA116E40092D019 /* NetworkFetcher.swift */,
				55B140E22AA116FB0092D019 /* RequestProcessor.swift */,
				55B140E42AA11FD60092D019 /* WebImageView.swift */,
			);
			path = Networking;
			sourceTree = "<group>";
		};
/* End PBXGroup section */

/* Begin PBXNativeTarget section */
		55B140A02A9BFE100092D019 /* ShoppingList */ = {
			isa = PBXNativeTarget;
			buildConfigurationList = 55B140B52A9BFE120092D019 /* Build configuration list for PBXNativeTarget "ShoppingList" */;
			buildPhases = (
				55B1409D2A9BFE100092D019 /* Sources */,
				55B1409E2A9BFE100092D019 /* Frameworks */,
				55B1409F2A9BFE100092D019 /* Resources */,
			);
			buildRules = (
			);
			dependencies = (
			);
			name = ShoppingList;
			productName = ShoppingList;
			productReference = 55B140A12A9BFE100092D019 /* ShoppingList.app */;
			productType = "com.apple.product-type.application";
		};
/* End PBXNativeTarget section */

/* Begin PBXProject section */
		55B140992A9BFE100092D019 /* Project object */ = {
			isa = PBXProject;
			attributes = {
				BuildIndependentTargetsInParallel = 1;
				LastSwiftUpdateCheck = 1410;
				LastUpgradeCheck = 1410;
				TargetAttributes = {
					55B140A02A9BFE100092D019 = {
						CreatedOnToolsVersion = 14.1;
					};
				};
			};
			buildConfigurationList = 55B1409C2A9BFE100092D019 /* Build configuration list for PBXProject "ShoppingList" */;
			compatibilityVersion = "Xcode 14.0";
			developmentRegion = en;
			hasScannedForEncodings = 0;
			knownRegions = (
				en,
				Base,
			);
			mainGroup = 55B140982A9BFE100092D019;
			productRefGroup = 55B140A22A9BFE100092D019 /* Products */;
			projectDirPath = "";
			projectRoot = "";
			targets = (
				55B140A02A9BFE100092D019 /* ShoppingList */,
			);
		};
/* End PBXProject section */

/* Begin PBXResourcesBuildPhase section */
		55B1409F2A9BFE100092D019 /* Resources */ = {
			isa = PBXResourcesBuildPhase;
			buildActionMask = 2147483647;
			files = (
				55B140AE2A9BFE120092D019 /* Assets.xcassets in Resources */,
			);
			runOnlyForDeploymentPostprocessing = 0;
		};
/* End PBXResourcesBuildPhase section */

/* Begin PBXSourcesBuildPhase section */
		55B1409D2A9BFE100092D019 /* Sources */ = {
			isa = PBXSourcesBuildPhase;
			buildActionMask = 2147483647;
			files = (
				55B140DD2AA116960092D019 /* AdvertisementDetail.swift in Sources */,
				55B140E12AA116E40092D019 /* NetworkFetcher.swift in Sources */,
				55B140A52A9BFE100092D019 /* AppDelegate.swift in Sources */,
				55B140E52AA11FD60092D019 /* WebImageView.swift in Sources */,
				55B140A72A9BFE100092D019 /* SceneDelegate.swift in Sources */,
				55B140DF2AA116BE0092D019 /* AdvertisementsResponse.swift in Sources */,
				55B140E32AA116FB0092D019 /* RequestProcessor.swift in Sources */,
				55B140D12A9C0B5C0092D019 /* ProductsListViewController.swift in Sources */,
				55B140D32A9C0B780092D019 /* ProductDetailViewController.swift in Sources */,
				55B140E72AA127470092D019 /* CollectionView.swift in Sources */,
				55B140D52A9C0C1C0092D019 /* ProductCell.swift in Sources */,
			);
			runOnlyForDeploymentPostprocessing = 0;
		};
/* End PBXSourcesBuildPhase section */

/* Begin XCBuildConfiguration section */
		55B140B32A9BFE120092D019 /* Debug */ = {
			isa = XCBuildConfiguration;
			buildSettings = {
				ALWAYS_SEARCH_USER_PATHS = NO;
				CLANG_ANALYZER_NONNULL = YES;
				CLANG_ANALYZER_NUMBER_OBJECT_CONVERSION = YES_AGGRESSIVE;
				CLANG_CXX_LANGUAGE_STANDARD = "gnu++20";
				CLANG_ENABLE_MODULES = YES;
				CLANG_ENABLE_OBJC_ARC = YES;
				CLANG_ENABLE_OBJC_WEAK = YES;
				CLANG_WARN_BLOCK_CAPTURE_AUTORELEASING = YES;
				CLANG_WARN_BOOL_CONVERSION = YES;
				CLANG_WARN_COMMA = YES;
				CLANG_WARN_CONSTANT_CONVERSION = YES;
				CLANG_WARN_DEPRECATED_OBJC_IMPLEMENTATIONS = YES;
				CLANG_WARN_DIRECT_OBJC_ISA_USAGE = YES_ERROR;
				CLANG_WARN_DOCUMENTATION_COMMENTS = YES;
				CLANG_WARN_EMPTY_BODY = YES;
				CLANG_WARN_ENUM_CONVERSION = YES;
				CLANG_WARN_INFINITE_RECURSION = YES;
				CLANG_WARN_INT_CONVERSION = YES;
				CLANG_WARN_NON_LITERAL_NULL_CONVERSION = YES;
				CLANG_WARN_OBJC_IMPLICIT_RETAIN_SELF = YES;
				CLANG_WARN_OBJC_LITERAL_CONVERSION = YES;
				CLANG_WARN_OBJC_ROOT_CLASS = YES_ERROR;
				CLANG_WARN_QUOTED_INCLUDE_IN_FRAMEWORK_HEADER = YES;
				CLANG_WARN_RANGE_LOOP_ANALYSIS = YES;
				CLANG_WARN_STRICT_PROTOTYPES = YES;
				CLANG_WARN_SUSPICIOUS_MOVE = YES;
				CLANG_WARN_UNGUARDED_AVAILABILITY = YES_AGGRESSIVE;
				CLANG_WARN_UNREACHABLE_CODE = YES;
				CLANG_WARN__DUPLICATE_METHOD_MATCH = YES;
				COPY_PHASE_STRIP = NO;
				DEBUG_INFORMATION_FORMAT = dwarf;
				ENABLE_STRICT_OBJC_MSGSEND = YES;
				ENABLE_TESTABILITY = YES;
				GCC_C_LANGUAGE_STANDARD = gnu11;
				GCC_DYNAMIC_NO_PIC = NO;
				GCC_NO_COMMON_BLOCKS = YES;
				GCC_OPTIMIZATION_LEVEL = 0;
				GCC_PREPROCESSOR_DEFINITIONS = (
					"DEBUG=1",
					"$(inherited)",
				);
				GCC_WARN_64_TO_32_BIT_CONVERSION = YES;
				GCC_WARN_ABOUT_RETURN_TYPE = YES_ERROR;
				GCC_WARN_UNDECLARED_SELECTOR = YES;
				GCC_WARN_UNINITIALIZED_AUTOS = YES_AGGRESSIVE;
				GCC_WARN_UNUSED_FUNCTION = YES;
				GCC_WARN_UNUSED_VARIABLE = YES;
				IPHONEOS_DEPLOYMENT_TARGET = 16.1;
				MTL_ENABLE_DEBUG_INFO = INCLUDE_SOURCE;
				MTL_FAST_MATH = YES;
				ONLY_ACTIVE_ARCH = YES;
				SDKROOT = iphoneos;
				SWIFT_ACTIVE_COMPILATION_CONDITIONS = DEBUG;
				SWIFT_OPTIMIZATION_LEVEL = "-Onone";
			};
			name = Debug;
		};
		55B140B42A9BFE120092D019 /* Release */ = {
			isa = XCBuildConfiguration;
			buildSettings = {
				ALWAYS_SEARCH_USER_PATHS = NO;
				CLANG_ANALYZER_NONNULL = YES;
				CLANG_ANALYZER_NUMBER_OBJECT_CONVERSION = YES_AGGRESSIVE;
				CLANG_CXX_LANGUAGE_STANDARD = "gnu++20";
				CLANG_ENABLE_MODULES = YES;
				CLANG_ENABLE_OBJC_ARC = YES;
				CLANG_ENABLE_OBJC_WEAK = YES;
				CLANG_WARN_BLOCK_CAPTURE_AUTORELEASING = YES;
				CLANG_WARN_BOOL_CONVERSION = YES;
				CLANG_WARN_COMMA = YES;
				CLANG_WARN_CONSTANT_CONVERSION = YES;
				CLANG_WARN_DEPRECATED_OBJC_IMPLEMENTATIONS = YES;
				CLANG_WARN_DIRECT_OBJC_ISA_USAGE = YES_ERROR;
				CLANG_WARN_DOCUMENTATION_COMMENTS = YES;
				CLANG_WARN_EMPTY_BODY = YES;
				CLANG_WARN_ENUM_CONVERSION = YES;
				CLANG_WARN_INFINITE_RECURSION = YES;
				CLANG_WARN_INT_CONVERSION = YES;
				CLANG_WARN_NON_LITERAL_NULL_CONVERSION = YES;
				CLANG_WARN_OBJC_IMPLICIT_RETAIN_SELF = YES;
				CLANG_WARN_OBJC_LITERAL_CONVERSION = YES;
				CLANG_WARN_OBJC_ROOT_CLASS = YES_ERROR;
				CLANG_WARN_QUOTED_INCLUDE_IN_FRAMEWORK_HEADER = YES;
				CLANG_WARN_RANGE_LOOP_ANALYSIS = YES;
				CLANG_WARN_STRICT_PROTOTYPES = YES;
				CLANG_WARN_SUSPICIOUS_MOVE = YES;
				CLANG_WARN_UNGUARDED_AVAILABILITY = YES_AGGRESSIVE;
				CLANG_WARN_UNREACHABLE_CODE = YES;
				CLANG_WARN__DUPLICATE_METHOD_MATCH = YES;
				COPY_PHASE_STRIP = NO;
				DEBUG_INFORMATION_FORMAT = "dwarf-with-dsym";
				ENABLE_NS_ASSERTIONS = NO;
				ENABLE_STRICT_OBJC_MSGSEND = YES;
				GCC_C_LANGUAGE_STANDARD = gnu11;
				GCC_NO_COMMON_BLOCKS = YES;
				GCC_WARN_64_TO_32_BIT_CONVERSION = YES;
				GCC_WARN_ABOUT_RETURN_TYPE = YES_ERROR;
				GCC_WARN_UNDECLARED_SELECTOR = YES;
				GCC_WARN_UNINITIALIZED_AUTOS = YES_AGGRESSIVE;
				GCC_WARN_UNUSED_FUNCTION = YES;
				GCC_WARN_UNUSED_VARIABLE = YES;
				IPHONEOS_DEPLOYMENT_TARGET = 16.1;
				MTL_ENABLE_DEBUG_INFO = NO;
				MTL_FAST_MATH = YES;
				SDKROOT = iphoneos;
				SWIFT_COMPILATION_MODE = wholemodule;
				SWIFT_OPTIMIZATION_LEVEL = "-O";
				VALIDATE_PRODUCT = YES;
			};
			name = Release;
		};
		55B140B62A9BFE120092D019 /* Debug */ = {
			isa = XCBuildConfiguration;
			buildSettings = {
				ASSETCATALOG_COMPILER_APPICON_NAME = AppIcon;
				ASSETCATALOG_COMPILER_GLOBAL_ACCENT_COLOR_NAME = AccentColor;
				CODE_SIGN_STYLE = Automatic;
				CURRENT_PROJECT_VERSION = 1;
				DEVELOPMENT_TEAM = YK49B357PZ;
				GENERATE_INFOPLIST_FILE = YES;
				INFOPLIST_FILE = ShoppingList/Info.plist;
				INFOPLIST_KEY_UIApplicationSupportsIndirectInputEvents = YES;
				INFOPLIST_KEY_UILaunchStoryboardName = LaunchScreen;
				INFOPLIST_KEY_UISupportedInterfaceOrientations_iPad = "UIInterfaceOrientationPortrait UIInterfaceOrientationPortraitUpsideDown UIInterfaceOrientationLandscapeLeft UIInterfaceOrientationLandscapeRight";
				INFOPLIST_KEY_UISupportedInterfaceOrientations_iPhone = "UIInterfaceOrientationPortrait UIInterfaceOrientationLandscapeLeft UIInterfaceOrientationLandscapeRight";
				LD_RUNPATH_SEARCH_PATHS = (
					"$(inherited)",
					"@executable_path/Frameworks",
				);
				MARKETING_VERSION = 1.0;
				PRODUCT_BUNDLE_IDENTIFIER = "-.ShoppingList";
				PRODUCT_NAME = "$(TARGET_NAME)";
				SWIFT_EMIT_LOC_STRINGS = YES;
				SWIFT_VERSION = 5.0;
				TARGETED_DEVICE_FAMILY = "1,2";
			};
			name = Debug;
		};
		55B140B72A9BFE120092D019 /* Release */ = {
			isa = XCBuildConfiguration;
			buildSettings = {
				ASSETCATALOG_COMPILER_APPICON_NAME = AppIcon;
				ASSETCATALOG_COMPILER_GLOBAL_ACCENT_COLOR_NAME = AccentColor;
				CODE_SIGN_STYLE = Automatic;
				CURRENT_PROJECT_VERSION = 1;
				DEVELOPMENT_TEAM = YK49B357PZ;
				GENERATE_INFOPLIST_FILE = YES;
				INFOPLIST_FILE = ShoppingList/Info.plist;
				INFOPLIST_KEY_UIApplicationSupportsIndirectInputEvents = YES;
				INFOPLIST_KEY_UILaunchStoryboardName = LaunchScreen;
				INFOPLIST_KEY_UISupportedInterfaceOrientations_iPad = "UIInterfaceOrientationPortrait UIInterfaceOrientationPortraitUpsideDown UIInterfaceOrientationLandscapeLeft UIInterfaceOrientationLandscapeRight";
				INFOPLIST_KEY_UISupportedInterfaceOrientations_iPhone = "UIInterfaceOrientationPortrait UIInterfaceOrientationLandscapeLeft UIInterfaceOrientationLandscapeRight";
				LD_RUNPATH_SEARCH_PATHS = (
					"$(inherited)",
					"@executable_path/Frameworks",
				);
				MARKETING_VERSION = 1.0;
				PRODUCT_BUNDLE_IDENTIFIER = "-.ShoppingList";
				PRODUCT_NAME = "$(TARGET_NAME)";
				SWIFT_EMIT_LOC_STRINGS = YES;
				SWIFT_VERSION = 5.0;
				TARGETED_DEVICE_FAMILY = "1,2";
			};
			name = Release;
		};
/* End XCBuildConfiguration section */

/* Begin XCConfigurationList section */
		55B1409C2A9BFE100092D019 /* Build configuration list for PBXProject "ShoppingList" */ = {
			isa = XCConfigurationList;
			buildConfigurations = (
				55B140B32A9BFE120092D019 /* Debug */,
				55B140B42A9BFE120092D019 /* Release */,
			);
			defaultConfigurationIsVisible = 0;
			defaultConfigurationName = Release;
		};
		55B140B52A9BFE120092D019 /* Build configuration list for PBXNativeTarget "ShoppingList" */ = {
			isa = XCConfigurationList;
			buildConfigurations = (
				55B140B62A9BFE120092D019 /* Debug */,
				55B140B72A9BFE120092D019 /* Release */,
			);
			defaultConfigurationIsVisible = 0;
			defaultConfigurationName = Release;
		};
/* End XCConfigurationList section */
	};
	rootObject = 55B140992A9BFE100092D019 /* Project object */;
}
